
Microsoft Visual Studio Solution File, Format Version 12.00
# Visual Studio 14
VisualStudioVersion = 14.0.25420.1
MinimumVisualStudioVersion = 10.0.40219.1
Project("{FAE04EC0-301F-11D3-BF4B-00C04F79EFBC}") = "WebCatch.Core", "WebCatch.Core\WebCatch.Core.csproj", "{F4B01234-FFDB-4C3E-97E7-09012CA307B7}"
EndProject
Project("{FAE04EC0-301F-11D3-BF4B-00C04F79EFBC}") = "WebCatchDemo", "WebCatchDemo\WebCatchDemo.csproj", "{DEED1074-A658-49FB-862A-82B6380C1179}"
EndProject
Global
	GlobalSection(SolutionConfigurationPlatforms) = preSolution
		Debug|Any CPU = Debug|Any CPU
		Release|Any CPU = Release|Any CPU
	EndGlobalSection
	GlobalSection(ProjectConfigurationPlatforms) = postSolution
		{F4B01234-FFDB-4C3E-97E7-09012CA307B7}.Debug|Any CPU.ActiveCfg = Debug|Any CPU
		{F4B01234-FFDB-4C3E-97E7-09012CA307B7}.Debug|Any CPU.Build.0 = Debug|Any CPU
		{F4B01234-FFDB-4C3E-97E7-09012CA307B7}.Release|Any CPU.ActiveCfg = Release|Any CPU
		{F4B01234-FFDB-4C3E-97E7-09012CA307B7}.Release|Any CPU.Build.0 = Release|Any CPU
		{DEED1074-A658-49FB-862A-82B6380C1179}.Debug|Any CPU.ActiveCfg = Debug|Any CPU
		{DEED1074-A658-49FB-862A-82B6380C1179}.Debug|Any CPU.Build.0 = Debug|Any CPU
		{DEED1074-A658-49FB-862A-82B6380C1179}.Release|Any CPU.ActiveCfg = Release|Any CPU
		{DEED1074-A658-49FB-862A-82B6380C1179}.Release|Any CPU.Build.0 = Release|Any CPU
	EndGlobalSection
	GlobalSection(SolutionProperties) = preSolution
		HideSolutionNode = FALSE
	EndGlobalSection
EndGlobal
